
Microsoft Visual Studio Solution File, Format Version 12.00
# Visual Studio Version 17
VisualStudioVersion = 17.6.33723.286
MinimumVisualStudioVersion = 10.0.40219.1
Project("{FAE04EC0-301F-11D3-BF4B-00C04F79EFBC}") = "TestePratico2", "TestePratico2\TestePratico2.csproj", "{44C0008F-44A8-42FF-B539-41AB5B26EE91}"
EndProject
Global
	GlobalSection(SolutionConfigurationPlatforms) = preSolution
		Debug|Any CPU = Debug|Any CPU
		Release|Any CPU = Release|Any CPU
	EndGlobalSection
	GlobalSection(ProjectConfigurationPlatforms) = postSolution
		{44C0008F-44A8-42FF-B539-41AB5B26EE91}.Debug|Any CPU.ActiveCfg = Debug|Any CPU
		{44C0008F-44A8-42FF-B539-41AB5B26EE91}.Debug|Any CPU.Build.0 = Debug|Any CPU
		{44C0008F-44A8-42FF-B539-41AB5B26EE91}.Release|Any CPU.ActiveCfg = Release|Any CPU
		{44C0008F-44A8-42FF-B539-41AB5B26EE91}.Release|Any CPU.Build.0 = Release|Any CPU
	EndGlobalSection
	GlobalSection(SolutionProperties) = preSolution
		HideSolutionNode = FALSE
	EndGlobalSection
	GlobalSection(ExtensibilityGlobals) = postSolution
		SolutionGuid = {6483234A-2EE5-43AB-AB92-9EB76EFBAD8A}
	EndGlobalSection
EndGlobal
